
Microsoft Visual Studio Solution File, Format Version 12.00
# Visual Studio Version 17
VisualStudioVersion = 17.12.35514.174
MinimumVisualStudioVersion = 10.0.40219.1
Project("{FAE04EC0-301F-11D3-BF4B-00C04F79EFBC}") = "CcStore", "WebApplication1\CcStore.csproj", "{377F06C7-EB70-4C02-BA50-95E9FE99F530}"
EndProject
Global
	GlobalSection(SolutionConfigurationPlatforms) = preSolution
		Debug|Any CPU = Debug|Any CPU
		Release|Any CPU = Release|Any CPU
	EndGlobalSection
	GlobalSection(ProjectConfigurationPlatforms) = postSolution
		{377F06C7-EB70-4C02-BA50-95E9FE99F530}.Debug|Any CPU.ActiveCfg = Debug|Any CPU
		{377F06C7-EB70-4C02-BA50-95E9FE99F530}.Debug|Any CPU.Build.0 = Debug|Any CPU
		{377F06C7-EB70-4C02-BA50-95E9FE99F530}.Release|Any CPU.ActiveCfg = Release|Any CPU
		{377F06C7-EB70-4C02-BA50-95E9FE99F530}.Release|Any CPU.Build.0 = Release|Any CPU
	EndGlobalSection
	GlobalSection(SolutionProperties) = preSolution
		HideSolutionNode = FALSE
	EndGlobalSection
EndGlobal
